<?xml version="1.0" encoding="utf-8"?>
<Project ToolsVersion="4.0" xmlns="http://schemas.microsoft.com/developer/msbuild/2003">
  <ItemGroup>
    <Filter Include="game_elements">
      <UniqueIdentifier>{a46545eb-376a-4d76-9ce8-78c0cd910b1b}</UniqueIdentifier>
    </Filter>
    <Filter Include="general_elements">
      <UniqueIdentifier>{14f0467a-bfac-4f81-80ee-87490f3aa453}</UniqueIdentifier>
    </Filter>
    <Filter Include="states">
      <UniqueIdentifier>{1b140963-0934-4d43-9732-128821677a56}</UniqueIdentifier>
    </Filter>
    <Filter Include="assets">
      <UniqueIdentifier>{bd44549b-aa6c-4d33-87ac-389b1224d127}</UniqueIdentifier>
    </Filter>
  </ItemGroup>
  <ItemGroup>
    <ClCompile Include="..\src\game_elements\ball.cpp">
      <Filter>game_elements</Filter>
    </ClCompile>
    <ClCompile Include="..\src\game_elements\bricks.cpp">
      <Filter>game_elements</Filter>
    </ClCompile>
    <ClCompile Include="..\src\game_elements\player.cpp">
      <Filter>game_elements</Filter>
    </ClCompile>
    <ClCompile Include="..\src\game_elements\powerUP.cpp">
      <Filter>game_elements</Filter>
    </ClCompile>
    <ClCompile Include="..\src\general_elements\codingTools.cpp">
      <Filter>general_elements</Filter>
    </ClCompile>
    <ClCompile Include="..\src\general_elements\console.cpp">
      <Filter>general_elements</Filter>
    </ClCompile>
    <ClCompile Include="..\src\states\game.cpp">
      <Filter>states</Filter>
    </ClCompile>
    <ClCompile Include="..\src\states\gameOver.cpp">
      <Filter>states</Filter>
    </ClCompile>
    <ClCompile Include="..\src\states\gameplay.cpp">
      <Filter>states</Filter>
    </ClCompile>
    <ClCompile Include="..\src\states\menu.cpp">
      <Filter>states</Filter>
    </ClCompile>
    <ClCompile Include="..\src\states\options.cpp">
      <Filter>states</Filter>
    </ClCompile>
    <ClCompile Include="..\src\main.cpp" />
    <ClCompile Include="..\src\states\resetGameElements.cpp">
      <Filter>states</Filter>
    </ClCompile>
    <ClCompile Include="..\src\assets\images.cpp">
      <Filter>assets</Filter>
    </ClCompile>
    <ClCompile Include="..\src\assets\sound.cpp">
      <Filter>assets</Filter>
    </ClCompile>
  </ItemGroup>
  <ItemGroup>
    <ClInclude Include="..\src\game_elements\ball.h">
      <Filter>game_elements</Filter>
    </ClInclude>
    <ClInclude Include="..\src\game_elements\bricks.h">
      <Filter>game_elements</Filter>
    </ClInclude>
    <ClInclude Include="..\src\game_elements\player.h">
      <Filter>game_elements</Filter>
    </ClInclude>
    <ClInclude Include="..\src\game_elements\powerUP.h">
      <Filter>game_elements</Filter>
    </ClInclude>
    <ClInclude Include="..\src\general_elements\codingTools.h">
      <Filter>general_elements</Filter>
    </ClInclude>
    <ClInclude Include="..\src\general_elements\console.h">
      <Filter>general_elements</Filter>
    </ClInclude>
    <ClInclude Include="..\src\states\game.h">
      <Filter>states</Filter>
    </ClInclude>
    <ClInclude Include="..\src\states\gameOver.h">
      <Filter>states</Filter>
    </ClInclude>
    <ClInclude Include="..\src\states\gameplay.h">
      <Filter>states</Filter>
    </ClInclude>
    <ClInclude Include="..\src\states\menu.h">
      <Filter>states</Filter>
    </ClInclude>
    <ClInclude Include="..\src\states\options.h">
      <Filter>states</Filter>
    </ClInclude>
    <ClInclude Include="..\src\states\resetGameElements.h">
      <Filter>states</Filter>
    </ClInclude>
    <ClInclude Include="..\src\assets\images.h">
      <Filter>assets</Filter>
    </ClInclude>
    <ClInclude Include="..\src\assets\sound.h">
      <Filter>assets</Filter>
    </ClInclude>
  </ItemGroup>
</Project>